// !$*UTF8*$!
{
	archiveVersion = 1;
	classes = {
	};
	objectVersion = 46;
	objects = {

/* Begin PBXBuildFile section */
		B451BE1E1B0B274F00210BA7 /* AppDelegate.swift in Sources */ = {isa = PBXBuildFile; fileRef = B451BE1D1B0B274F00210BA7 /* AppDelegate.swift */; };
		B451BE201B0B274F00210BA7 /* ViewController.swift in Sources */ = {isa = PBXBuildFile; fileRef = B451BE1F1B0B274F00210BA7 /* ViewController.swift */; };
		B451BE231B0B274F00210BA7 /* Main.storyboard in Resources */ = {isa = PBXBuildFile; fileRef = B451BE211B0B274F00210BA7 /* Main.storyboard */; };
		B451BE251B0B274F00210BA7 /* Images.xcassets in Resources */ = {isa = PBXBuildFile; fileRef = B451BE241B0B274F00210BA7 /* Images.xcassets */; };
		B451BE281B0B274F00210BA7 /* LaunchScreen.xib in Resources */ = {isa = PBXBuildFile; fileRef = B451BE261B0B274F00210BA7 /* LaunchScreen.xib */; };
		B451BE341B0B274F00210BA7 /* RoshamboTests.swift in Sources */ = {isa = PBXBuildFile; fileRef = B451BE331B0B274F00210BA7 /* RoshamboTests.swift */; };
		B451BE3E1B0B27E800210BA7 /* ResultViewController.swift in Sources */ = {isa = PBXBuildFile; fileRef = B451BE3D1B0B27E800210BA7 /* ResultViewController.swift */; };
/* End PBXBuildFile section */

/* Begin PBXContainerItemProxy section */
		B451BE2E1B0B274F00210BA7 /* PBXContainerItemProxy */ = {
			isa = PBXContainerItemProxy;
			containerPortal = B451BE101B0B274E00210BA7 /* Project object */;
			proxyType = 1;
			remoteGlobalIDString = B451BE171B0B274F00210BA7;
			remoteInfo = Roshambo;
		};
/* End PBXContainerItemProxy section */

/* Begin PBXFileReference section */
		B451BE181B0B274F00210BA7 /* Roshambo.app */ = {isa = PBXFileReference; explicitFileType = wrapper.application; includeInIndex = 0; path = Roshambo.app; sourceTree = BUILT_PRODUCTS_DIR; };
		B451BE1C1B0B274F00210BA7 /* Info.plist */ = {isa = PBXFileReference; lastKnownFileType = text.plist.xml; path = Info.plist; sourceTree = "<group>"; };
		B451BE1D1B0B274F00210BA7 /* AppDelegate.swift */ = {isa = PBXFileReference; lastKnownFileType = sourcecode.swift; path = AppDelegate.swift; sourceTree = "<group>"; };
		B451BE1F1B0B274F00210BA7 /* ViewController.swift */ = {isa = PBXFileReference; lastKnownFileType = sourcecode.swift; path = ViewController.swift; sourceTree = "<group>"; };
		B451BE221B0B274F00210BA7 /* Base */ = {isa = PBXFileReference; lastKnownFileType = file.storyboard; name = Base; path = Base.lproj/Main.storyboard; sourceTree = "<group>"; };
		B451BE241B0B274F00210BA7 /* Images.xcassets */ = {isa = PBXFileReference; lastKnownFileType = folder.assetcatalog; path = Images.xcassets; sourceTree = "<group>"; };
		B451BE271B0B274F00210BA7 /* Base */ = {isa = PBXFileReference; lastKnownFileType = file.xib; name = Base; path = Base.lproj/LaunchScreen.xib; sourceTree = "<group>"; };
		B451BE2D1B0B274F00210BA7 /* RoshamboTests.xctest */ = {isa = PBXFileReference; explicitFileType = wrapper.cfbundle; includeInIndex = 0; path = RoshamboTests.xctest; sourceTree = BUILT_PRODUCTS_DIR; };
		B451BE321B0B274F00210BA7 /* Info.plist */ = {isa = PBXFileReference; lastKnownFileType = text.plist.xml; path = Info.plist; sourceTree = "<group>"; };
		B451BE331B0B274F00210BA7 /* RoshamboTests.swift */ = {isa = PBXFileReference; lastKnownFileType = sourcecode.swift; path = RoshamboTests.swift; sourceTree = "<group>"; };
		B451BE3D1B0B27E800210BA7 /* ResultViewController.swift */ = {isa = PBXFileReference; fileEncoding = 4; lastKnownFileType = sourcecode.swift; path = ResultViewController.swift; sourceTree = "<group>"; };
/* End PBXFileReference section */

/* Begin PBXFrameworksBuildPhase section */
		B451BE151B0B274F00210BA7 /* Frameworks */ = {
			isa = PBXFrameworksBuildPhase;
			buildActionMask = 2147483647;
			files = (
			);
			runOnlyForDeploymentPostprocessing = 0;
		};
		B451BE2A1B0B274F00210BA7 /* Frameworks */ = {
			isa = PBXFrameworksBuildPhase;
			buildActionMask = 2147483647;
			files = (
			);
			runOnlyForDeploymentPostprocessing = 0;
		};
/* End PBXFrameworksBuildPhase section */

/* Begin PBXGroup section */
		B451BE0F1B0B274E00210BA7 = {
			isa = PBXGroup;
			children = (
				B451BE1A1B0B274F00210BA7 /* Roshambo */,
				B451BE301B0B274F00210BA7 /* RoshamboTests */,
				B451BE191B0B274F00210BA7 /* Products */,
			);
			sourceTree = "<group>";
		};
		B451BE191B0B274F00210BA7 /* Products */ = {
			isa = PBXGroup;
			children = (
				B451BE181B0B274F00210BA7 /* Roshambo.app */,
				B451BE2D1B0B274F00210BA7 /* RoshamboTests.xctest */,
			);
			name = Products;
			sourceTree = "<group>";
		};
		B451BE1A1B0B274F00210BA7 /* Roshambo */ = {
			isa = PBXGroup;
			children = (
				B451BE1D1B0B274F00210BA7 /* AppDelegate.swift */,
				B451BE1F1B0B274F00210BA7 /* ViewController.swift */,
				B451BE211B0B274F00210BA7 /* Main.storyboard */,
				B451BE3D1B0B27E800210BA7 /* ResultViewController.swift */,
				B451BE241B0B274F00210BA7 /* Images.xcassets */,
				B451BE261B0B274F00210BA7 /* LaunchScreen.xib */,
				B451BE1B1B0B274F00210BA7 /* Supporting Files */,
			);
			path = Roshambo;
			sourceTree = "<group>";
		};
		B451BE1B1B0B274F00210BA7 /* Supporting Files */ = {
			isa = PBXGroup;
			children = (
				B451BE1C1B0B274F00210BA7 /* Info.plist */,
			);
			name = "Supporting Files";
			sourceTree = "<group>";
		};
		B451BE301B0B274F00210BA7 /* RoshamboTests */ = {
			isa = PBXGroup;
			children = (
				B451BE331B0B274F00210BA7 /* RoshamboTests.swift */,
				B451BE311B0B274F00210BA7 /* Supporting Files */,
			);
			path = RoshamboTests;
			sourceTree = "<group>";
		};
		B451BE311B0B274F00210BA7 /* Supporting Files */ = {
			isa = PBXGroup;
			children = (
				B451BE321B0B274F00210BA7 /* Info.plist */,
			);
			name = "Supporting Files";
			sourceTree = "<group>";
		};
/* End PBXGroup section */

/* Begin PBXNativeTarget section */
		B451BE171B0B274F00210BA7 /* Roshambo */ = {
			isa = PBXNativeTarget;
			buildConfigurationList = B451BE371B0B274F00210BA7 /* Build configuration list for PBXNativeTarget "Roshambo" */;
			buildPhases = (
				B451BE141B0B274F00210BA7 /* Sources */,
				B451BE151B0B274F00210BA7 /* Frameworks */,
				B451BE161B0B274F00210BA7 /* Resources */,
			);
			buildRules = (
			);
			dependencies = (
			);
			name = Roshambo;
			productName = Roshambo;
			productReference = B451BE181B0B274F00210BA7 /* Roshambo.app */;
			productType = "com.apple.product-type.application";
		};
		B451BE2C1B0B274F00210BA7 /* RoshamboTests */ = {
			isa = PBXNativeTarget;
			buildConfigurationList = B451BE3A1B0B274F00210BA7 /* Build configuration list for PBXNativeTarget "RoshamboTests" */;
			buildPhases = (
				B451BE291B0B274F00210BA7 /* Sources */,
				B451BE2A1B0B274F00210BA7 /* Frameworks */,
				B451BE2B1B0B274F00210BA7 /* Resources */,
			);
			buildRules = (
			);
			dependencies = (
				B451BE2F1B0B274F00210BA7 /* PBXTargetDependency */,
			);
			name = RoshamboTests;
			productName = RoshamboTests;
			productReference = B451BE2D1B0B274F00210BA7 /* RoshamboTests.xctest */;
			productType = "com.apple.product-type.bundle.unit-test";
		};
/* End PBXNativeTarget section */

/* Begin PBXProject section */
		B451BE101B0B274E00210BA7 /* Project object */ = {
			isa = PBXProject;
			attributes = {
				LastUpgradeCheck = 0630;
				ORGANIZATIONNAME = "Lance Hirsch";
				TargetAttributes = {
					B451BE171B0B274F00210BA7 = {
						CreatedOnToolsVersion = 6.3.1;
					};
					B451BE2C1B0B274F00210BA7 = {
						CreatedOnToolsVersion = 6.3.1;
						TestTargetID = B451BE171B0B274F00210BA7;
					};
				};
			};
			buildConfigurationList = B451BE131B0B274E00210BA7 /* Build configuration list for PBXProject "Roshambo" */;
			compatibilityVersion = "Xcode 3.2";
			developmentRegion = English;
			hasScannedForEncodings = 0;
			knownRegions = (
				en,
				Base,
			);
			mainGroup = B451BE0F1B0B274E00210BA7;
			productRefGroup = B451BE191B0B274F00210BA7 /* Products */;
			projectDirPath = "";
			projectRoot = "";
			targets = (
				B451BE171B0B274F00210BA7 /* Roshambo */,
				B451BE2C1B0B274F00210BA7 /* RoshamboTests */,
			);
		};
/* End PBXProject section */

/* Begin PBXResourcesBuildPhase section */
		B451BE161B0B274F00210BA7 /* Resources */ = {
			isa = PBXResourcesBuildPhase;
			buildActionMask = 2147483647;
			files = (
				B451BE231B0B274F00210BA7 /* Main.storyboard in Resources */,
				B451BE281B0B274F00210BA7 /* LaunchScreen.xib in Resources */,
				B451BE251B0B274F00210BA7 /* Images.xcassets in Resources */,
			);
			runOnlyForDeploymentPostprocessing = 0;
		};
		B451BE2B1B0B274F00210BA7 /* Resources */ = {
			isa = PBXResourcesBuildPhase;
			buildActionMask = 2147483647;
			files = (
			);
			runOnlyForDeploymentPostprocessing = 0;
		};
/* End PBXResourcesBuildPhase section */

/* Begin PBXSourcesBuildPhase section */
		B451BE141B0B274F00210BA7 /* Sources */ = {
			isa = PBXSourcesBuildPhase;
			buildActionMask = 2147483647;
			files = (
				B451BE201B0B274F00210BA7 /* ViewController.swift in Sources */,
				B451BE1E1B0B274F00210BA7 /* AppDelegate.swift in Sources */,
				B451BE3E1B0B27E800210BA7 /* ResultViewController.swift in Sources */,
			);
			runOnlyForDeploymentPostprocessing = 0;
		};
		B451BE291B0B274F00210BA7 /* Sources */ = {
			isa = PBXSourcesBuildPhase;
			buildActionMask = 2147483647;
			files = (
				B451BE341B0B274F00210BA7 /* RoshamboTests.swift in Sources */,
			);
			runOnlyForDeploymentPostprocessing = 0;
		};
/* End PBXSourcesBuildPhase section */

/* Begin PBXTargetDependency section */
		B451BE2F1B0B274F00210BA7 /* PBXTargetDependency */ = {
			isa = PBXTargetDependency;
			target = B451BE171B0B274F00210BA7 /* Roshambo */;
			targetProxy = B451BE2E1B0B274F00210BA7 /* PBXContainerItemProxy */;
		};
/* End PBXTargetDependency section */

/* Begin PBXVariantGroup section */
		B451BE211B0B274F00210BA7 /* Main.storyboard */ = {
			isa = PBXVariantGroup;
			children = (
				B451BE221B0B274F00210BA7 /* Base */,
			);
			name = Main.storyboard;
			sourceTree = "<group>";
		};
		B451BE261B0B274F00210BA7 /* LaunchScreen.xib */ = {
			isa = PBXVariantGroup;
			children = (
				B451BE271B0B274F00210BA7 /* Base */,
			);
			name = LaunchScreen.xib;
			sourceTree = "<group>";
		};
/* End PBXVariantGroup section */

/* Begin XCBuildConfiguration section */
		B451BE351B0B274F00210BA7 /* Debug */ = {
			isa = XCBuildConfiguration;
			buildSettings = {
				ALWAYS_SEARCH_USER_PATHS = NO;
				CLANG_CXX_LANGUAGE_STANDARD = "gnu++0x";
				CLANG_CXX_LIBRARY = "libc++";
				CLANG_ENABLE_MODULES = YES;
				CLANG_ENABLE_OBJC_ARC = YES;
				CLANG_WARN_BOOL_CONVERSION = YES;
				CLANG_WARN_CONSTANT_CONVERSION = YES;
				CLANG_WARN_DIRECT_OBJC_ISA_USAGE = YES_ERROR;
				CLANG_WARN_EMPTY_BODY = YES;
				CLANG_WARN_ENUM_CONVERSION = YES;
				CLANG_WARN_INT_CONVERSION = YES;
				CLANG_WARN_OBJC_ROOT_CLASS = YES_ERROR;
				CLANG_WARN_UNREACHABLE_CODE = YES;
				CLANG_WARN__DUPLICATE_METHOD_MATCH = YES;
				"CODE_SIGN_IDENTITY[sdk=iphoneos*]" = "iPhone Developer";
				COPY_PHASE_STRIP = NO;
				DEBUG_INFORMATION_FORMAT = "dwarf-with-dsym";
				ENABLE_STRICT_OBJC_MSGSEND = YES;
				GCC_C_LANGUAGE_STANDARD = gnu99;
				GCC_DYNAMIC_NO_PIC = NO;
				GCC_NO_COMMON_BLOCKS = YES;
				GCC_OPTIMIZATION_LEVEL = 0;
				GCC_PREPROCESSOR_DEFINITIONS = (
					"DEBUG=1",
					"$(inherited)",
				);
				GCC_SYMBOLS_PRIVATE_EXTERN = NO;
				GCC_WARN_64_TO_32_BIT_CONVERSION = YES;
				GCC_WARN_ABOUT_RETURN_TYPE = YES_ERROR;
				GCC_WARN_UNDECLARED_SELECTOR = YES;
				GCC_WARN_UNINITIALIZED_AUTOS = YES_AGGRESSIVE;
				GCC_WARN_UNUSED_FUNCTION = YES;
				GCC_WARN_UNUSED_VARIABLE = YES;
				IPHONEOS_DEPLOYMENT_TARGET = 8.3;
				MTL_ENABLE_DEBUG_INFO = YES;
				ONLY_ACTIVE_ARCH = YES;
				SDKROOT = iphoneos;
				SWIFT_OPTIMIZATION_LEVEL = "-Onone";
			};
			name = Debug;
		};
		B451BE361B0B274F00210BA7 /* Release */ = {
			isa = XCBuildConfiguration;
			buildSettings = {
				ALWAYS_SEARCH_USER_PATHS = NO;
				CLANG_CXX_LANGUAGE_STANDARD = "gnu++0x";
				CLANG_CXX_LIBRARY = "libc++";
				CLANG_ENABLE_MODULES = YES;
				CLANG_ENABLE_OBJC_ARC = YES;
				CLANG_WARN_BOOL_CONVERSION = YES;
				CLANG_WARN_CONSTANT_CONVERSION = YES;
				CLANG_WARN_DIRECT_OBJC_ISA_USAGE = YES_ERROR;
				CLANG_WARN_EMPTY_BODY = YES;
				CLANG_WARN_ENUM_CONVERSION = YES;
				CLANG_WARN_INT_CONVERSION = YES;
				CLANG_WARN_OBJC_ROOT_CLASS = YES_ERROR;
				CLANG_WARN_UNREACHABLE_CODE = YES;
				CLANG_WARN__DUPLICATE_METHOD_MATCH = YES;
				"CODE_SIGN_IDENTITY[sdk=iphoneos*]" = "iPhone Developer";
				COPY_PHASE_STRIP = NO;
				DEBUG_INFORMATION_FORMAT = "dwarf-with-dsym";
				ENABLE_NS_ASSERTIONS = NO;
				ENABLE_STRICT_OBJC_MSGSEND = YES;
				GCC_C_LANGUAGE_STANDARD = gnu99;
				GCC_NO_COMMON_BLOCKS = YES;
				GCC_WARN_64_TO_32_BIT_CONVERSION = YES;
				GCC_WARN_ABOUT_RETURN_TYPE = YES_ERROR;
				GCC_WARN_UNDECLARED_SELECTOR = YES;
				GCC_WARN_UNINITIALIZED_AUTOS = YES_AGGRESSIVE;
				GCC_WARN_UNUSED_FUNCTION = YES;
				GCC_WARN_UNUSED_VARIABLE = YES;
				IPHONEOS_DEPLOYMENT_TARGET = 8.3;
				MTL_ENABLE_DEBUG_INFO = NO;
				SDKROOT = iphoneos;
				VALIDATE_PRODUCT = YES;
			};
			name = Release;
		};
		B451BE381B0B274F00210BA7 /* Debug */ = {
			isa = XCBuildConfiguration;
			buildSettings = {
				ASSETCATALOG_COMPILER_APPICON_NAME = AppIcon;
				INFOPLIST_FILE = Roshambo/Info.plist;
				LD_RUNPATH_SEARCH_PATHS = "$(inherited) @executable_path/Frameworks";
				PRODUCT_NAME = "$(TARGET_NAME)";
			};
			name = Debug;
		};
		B451BE391B0B274F00210BA7 /* Release */ = {
			isa = XCBuildConfiguration;
			buildSettings = {
				ASSETCATALOG_COMPILER_APPICON_NAME = AppIcon;
				INFOPLIST_FILE = Roshambo/Info.plist;
				LD_RUNPATH_SEARCH_PATHS = "$(inherited) @executable_path/Frameworks";
				PRODUCT_NAME = "$(TARGET_NAME)";
			};
			name = Release;
		};
		B451BE3B1B0B274F00210BA7 /* Debug */ = {
			isa = XCBuildConfiguration;
			buildSettings = {
				BUNDLE_LOADER = "$(TEST_HOST)";
				FRAMEWORK_SEARCH_PATHS = (
					"$(SDKROOT)/Developer/Library/Frameworks",
					"$(inherited)",
				);
				GCC_PREPROCESSOR_DEFINITIONS = (
					"DEBUG=1",
					"$(inherited)",
				);
				INFOPLIST_FILE = RoshamboTests/Info.plist;
				LD_RUNPATH_SEARCH_PATHS = "$(inherited) @executable_path/Frameworks @loader_path/Frameworks";
				PRODUCT_NAME = "$(TARGET_NAME)";
				TEST_HOST = "$(BUILT_PRODUCTS_DIR)/Roshambo.app/Roshambo";
			};
			name = Debug;
		};
		B451BE3C1B0B274F00210BA7 /* Release */ = {
			isa = XCBuildConfiguration;
			buildSettings = {
				BUNDLE_LOADER = "$(TEST_HOST)";
				FRAMEWORK_SEARCH_PATHS = (
					"$(SDKROOT)/Developer/Library/Frameworks",
					"$(inherited)",
				);
				INFOPLIST_FILE = RoshamboTests/Info.plist;
				LD_RUNPATH_SEARCH_PATHS = "$(inherited) @executable_path/Frameworks @loader_path/Frameworks";
				PRODUCT_NAME = "$(TARGET_NAME)";
				TEST_HOST = "$(BUILT_PRODUCTS_DIR)/Roshambo.app/Roshambo";
			};
			name = Release;
		};
/* End XCBuildConfiguration section */

/* Begin XCConfigurationList section */
		B451BE131B0B274E00210BA7 /* Build configuration list for PBXProject "Roshambo" */ = {
			isa = XCConfigurationList;
			buildConfigurations = (
				B451BE351B0B274F00210BA7 /* Debug */,
				B451BE361B0B274F00210BA7 /* Release */,
			);
			defaultConfigurationIsVisible = 0;
			defaultConfigurationName = Release;
		};
		B451BE371B0B274F00210BA7 /* Build configuration list for PBXNativeTarget "Roshambo" */ = {
			isa = XCConfigurationList;
			buildConfigurations = (
				B451BE381B0B274F00210BA7 /* Debug */,
				B451BE391B0B274F00210BA7 /* Release */,
			);
			defaultConfigurationIsVisible = 0;
		};
		B451BE3A1B0B274F00210BA7 /* Build configuration list for PBXNativeTarget "RoshamboTests" */ = {
			isa = XCConfigurationList;
			buildConfigurations = (
				B451BE3B1B0B274F00210BA7 /* Debug */,
				B451BE3C1B0B274F00210BA7 /* Release */,
			);
			defaultConfigurationIsVisible = 0;
		};
/* End XCConfigurationList section */
	};
	rootObject = B451BE101B0B274E00210BA7 /* Project object */;
}
